// !$*UTF8*$!
{
	archiveVersion = 1;
	classes = {
	};
	objectVersion = 46;
	objects = {

/* Begin PBXBuildFile section */
		7997A2A5EE54F85FDEE42F07 /* ViewController.m in Sources */ = {isa = PBXBuildFile; fileRef = 7997AC698E11E4A364AAC75B /* ViewController.m */; };
		7997A6C355138C8712FF87AC /* LaunchScreen.storyboard in Resources */ = {isa = PBXBuildFile; fileRef = 7997A3B01DDDA5BFAB89CE0D /* LaunchScreen.storyboard */; };
		7997A83CE3D479F808EDCFD4 /* AppDelegate.m in Sources */ = {isa = PBXBuildFile; fileRef = 7997AB65EA4F7F75E7B311E5 /* AppDelegate.m */; };
		7997AB2B77ACB9121AC89CBF /* Assets.xcassets in Resources */ = {isa = PBXBuildFile; fileRef = 7997AC5370BF45900C227727 /* Assets.xcassets */; };
		7997AE27A7968650469BE02D /* main.m in Sources */ = {isa = PBXBuildFile; fileRef = 7997A528529C0DA616966DFE /* main.m */; };
		7997AE42947A991FF05ED775 /* Info.plist in Resources */ = {isa = PBXBuildFile; fileRef = 7997AEE06CBCAE51261990AE /* Info.plist */; };
/* End PBXBuildFile section */

/* Begin PBXFileReference section */
		7997A310CD446B64A6B567F8 /* AppDelegate.h */ = {isa = PBXFileReference; lastKnownFileType = sourcecode.c.h; path = AppDelegate.h; sourceTree = "<group>"; };
		7997A528529C0DA616966DFE /* main.m */ = {isa = PBXFileReference; lastKnownFileType = sourcecode.c.objc; path = main.m; sourceTree = "<group>"; };
		7997A8A277E9BE9FD15D667F /* ViewController.h */ = {isa = PBXFileReference; lastKnownFileType = sourcecode.c.h; path = ViewController.h; sourceTree = "<group>"; };
		7997AB65EA4F7F75E7B311E5 /* AppDelegate.m */ = {isa = PBXFileReference; lastKnownFileType = sourcecode.c.objc; path = AppDelegate.m; sourceTree = "<group>"; };
		7997AC5370BF45900C227727 /* Assets.xcassets */ = {isa = PBXFileReference; lastKnownFileType = folder.assetcatalog; path = Assets.xcassets; sourceTree = "<group>"; };
		7997AC698E11E4A364AAC75B /* ViewController.m */ = {isa = PBXFileReference; lastKnownFileType = sourcecode.c.objc; path = ViewController.m; sourceTree = "<group>"; };
		7997ADC6DCD5A0881E2CC51F /* Base */ = {isa = PBXFileReference; lastKnownFileType = file.storyboard; name = Base; path = Base.lproj/LaunchScreen.storyboard; sourceTree = "<group>"; };
		7997AEE06CBCAE51261990AE /* Info.plist */ = {isa = PBXFileReference; lastKnownFileType = text.plist.info; path = Info.plist; sourceTree = "<group>"; };
		7997AF93D83DCE489A5AA5AC /* SingleProgrammaticViewApplication.app */ = {isa = PBXFileReference; explicitFileType = wrapper.application; includeInIndex = 0; path = SingleProgrammaticViewApplication.app; sourceTree = BUILT_PRODUCTS_DIR; };
/* End PBXFileReference section */

/* Begin PBXFrameworksBuildPhase section */
		7997A1F509F5C68AC4ABD5C5 /* Frameworks */ = {
			isa = PBXFrameworksBuildPhase;
			buildActionMask = 2147483647;
			files = (
			);
			runOnlyForDeploymentPostprocessing = 0;
		};
/* End PBXFrameworksBuildPhase section */

/* Begin PBXGroup section */
		7997A0BC556DF9E80BFAFC08 = {
			isa = PBXGroup;
			children = (
				7997AB9D4678ADE56A75F502 /* Products */,
				7997A522518466CA2ED47460 /* SingleProgrammaticViewApplication */,
			);
			sourceTree = "<group>";
		};
		7997A522518466CA2ED47460 /* SingleProgrammaticViewApplication */ = {
			isa = PBXGroup;
			children = (
				7997AEE06CBCAE51261990AE /* Info.plist */,
				7997AC5370BF45900C227727 /* Assets.xcassets */,
				7997A3B01DDDA5BFAB89CE0D /* LaunchScreen.storyboard */,
				7997A70D9BECDE2D797043C9 /* Supporting Files */,
				7997A310CD446B64A6B567F8 /* AppDelegate.h */,
				7997AB65EA4F7F75E7B311E5 /* AppDelegate.m */,
				7997A8A277E9BE9FD15D667F /* ViewController.h */,
				7997AC698E11E4A364AAC75B /* ViewController.m */,
			);
			path = SingleProgrammaticViewApplication;
			sourceTree = "<group>";
		};
		7997A70D9BECDE2D797043C9 /* Supporting Files */ = {
			isa = PBXGroup;
			children = (
				7997A528529C0DA616966DFE /* main.m */,
			);
			name = "Supporting Files";
			sourceTree = "<group>";
		};
		7997AB9D4678ADE56A75F502 /* Products */ = {
			isa = PBXGroup;
			children = (
				7997AF93D83DCE489A5AA5AC /* SingleProgrammaticViewApplication.app */,
			);
			name = Products;
			sourceTree = "<group>";
		};
/* End PBXGroup section */

/* Begin PBXNativeTarget section */
		7997AABC51C423E8EC99E432 /* SingleProgrammaticViewApplication */ = {
			isa = PBXNativeTarget;
			buildConfigurationList = 7997A14F8D4BA00716EA212E /* Build configuration list for PBXNativeTarget "SingleProgrammaticViewApplication" */;
			buildPhases = (
				7997AB0FD526B16BFF72A7A5 /* Sources */,
				7997A1F509F5C68AC4ABD5C5 /* Frameworks */,
				7997A29E8AE7512B83A0C8DA /* Resources */,
			);
			buildRules = (
			);
			dependencies = (
			);
			name = SingleProgrammaticViewApplication;
			productName = SingleProgrammaticViewApplication;
			productReference = 7997AF93D83DCE489A5AA5AC /* SingleProgrammaticViewApplication.app */;
			productType = "com.apple.product-type.application";
		};
/* End PBXNativeTarget section */

/* Begin PBXProject section */
		7997AD6230BD8ABB9885EFFB /* Project object */ = {
			isa = PBXProject;
			attributes = {
				ORGANIZATIONNAME = "David Clark";
			};
			buildConfigurationList = 7997AE10F2C99809E302695E /* Build configuration list for PBXProject "SingleProgrammaticViewApplication" */;
			compatibilityVersion = "Xcode 3.2";
			developmentRegion = English;
			hasScannedForEncodings = 0;
			knownRegions = (
				en,
			);
			mainGroup = 7997A0BC556DF9E80BFAFC08;
			productRefGroup = 7997AB9D4678ADE56A75F502 /* Products */;
			projectDirPath = "";
			projectRoot = "";
			targets = (
				7997AABC51C423E8EC99E432 /* SingleProgrammaticViewApplication */,
			);
		};
/* End PBXProject section */

/* Begin PBXResourcesBuildPhase section */
		7997A29E8AE7512B83A0C8DA /* Resources */ = {
			isa = PBXResourcesBuildPhase;
			buildActionMask = 2147483647;
			files = (
				7997AE42947A991FF05ED775 /* Info.plist in Resources */,
				7997AB2B77ACB9121AC89CBF /* Assets.xcassets in Resources */,
				7997A6C355138C8712FF87AC /* LaunchScreen.storyboard in Resources */,
			);
			runOnlyForDeploymentPostprocessing = 0;
		};
/* End PBXResourcesBuildPhase section */

/* Begin PBXSourcesBuildPhase section */
		7997AB0FD526B16BFF72A7A5 /* Sources */ = {
			isa = PBXSourcesBuildPhase;
			buildActionMask = 2147483647;
			files = (
				7997AE27A7968650469BE02D /* main.m in Sources */,
				7997A83CE3D479F808EDCFD4 /* AppDelegate.m in Sources */,
				7997A2A5EE54F85FDEE42F07 /* ViewController.m in Sources */,
			);
			runOnlyForDeploymentPostprocessing = 0;
		};
/* End PBXSourcesBuildPhase section */

/* Begin PBXVariantGroup section */
		7997A3B01DDDA5BFAB89CE0D /* LaunchScreen.storyboard */ = {
			isa = PBXVariantGroup;
			children = (
				7997ADC6DCD5A0881E2CC51F /* Base */,
			);
			name = LaunchScreen.storyboard;
			sourceTree = "<group>";
		};
/* End PBXVariantGroup section */

/* Begin XCBuildConfiguration section */
		7997A26BED0812AFD831A9C8 /* Debug */ = {
			isa = XCBuildConfiguration;
			buildSettings = {
				ASSETCATALOG_COMPILER_APPICON_NAME = AppIcon;
				INFOPLIST_FILE = SingleProgrammaticViewApplication/Info.plist;
				LD_RUNPATH_SEARCH_PATHS = "$(inherited) @executable_path/Frameworks";
				PRODUCT_BUNDLE_IDENTIFIER = com.dkc.SingleProgrammaticViewApplication;
				PRODUCT_NAME = "$(TARGET_NAME)";
			};
			name = Debug;
		};
		7997A8D79F8291DDC2DCDD17 /* Release */ = {
			isa = XCBuildConfiguration;
			buildSettings = {
				ALWAYS_SEARCH_USER_PATHS = NO;
				CLANG_CXX_LANGUAGE_STANDARD = "gnu++0x";
				CLANG_CXX_LIBRARY = "libc++";
				CLANG_ENABLE_MODULES = YES;
				CLANG_ENABLE_OBJC_ARC = YES;
				CLANG_WARN_BOOL_CONVERSION = YES;
				CLANG_WARN_CONSTANT_CONVERSION = YES;
				CLANG_WARN_DIRECT_OBJC_ISA_USAGE = YES_ERROR;
				CLANG_WARN_EMPTY_BODY = YES;
				CLANG_WARN_ENUM_CONVERSION = YES;
				CLANG_WARN_INT_CONVERSION = YES;
				CLANG_WARN_OBJC_ROOT_CLASS = YES_ERROR;
				CLANG_WARN_UNREACHABLE_CODE = YES;
				CLANG_WARN__DUPLICATE_METHOD_MATCH = YES;
				"CODE_SIGN_IDENTITY[sdk=iphoneos*]" = "iPhone Developer";
				COPY_PHASE_STRIP = NO;
				DEBUG_INFORMATION_FORMAT = "dwarf-with-dsym";
				ENABLE_NS_ASSERTIONS = NO;
				ENABLE_STRICT_OBJC_MSGSEND = YES;
				GCC_C_LANGUAGE_STANDARD = gnu99;
				GCC_NO_COMMON_BLOCKS = YES;
				GCC_WARN_64_TO_32_BIT_CONVERSION = YES;
				GCC_WARN_ABOUT_RETURN_TYPE = YES_ERROR;
				GCC_WARN_UNDECLARED_SELECTOR = YES;
				GCC_WARN_UNINITIALIZED_AUTOS = YES_AGGRESSIVE;
				GCC_WARN_UNUSED_FUNCTION = YES;
				GCC_WARN_UNUSED_VARIABLE = YES;
				IPHONEOS_DEPLOYMENT_TARGET = 9.2;
				MTL_ENABLE_DEBUG_INFO = NO;
				SDKROOT = iphoneos;
				TARGETED_DEVICE_FAMILY = "1,2";
				VALIDATE_PRODUCT = YES;
			};
			name = Release;
		};
		7997AB6B68E0869832022A7B /* Release */ = {
			isa = XCBuildConfiguration;
			buildSettings = {
				ASSETCATALOG_COMPILER_APPICON_NAME = AppIcon;
				INFOPLIST_FILE = SingleProgrammaticViewApplication/Info.plist;
				LD_RUNPATH_SEARCH_PATHS = "$(inherited) @executable_path/Frameworks";
				PRODUCT_BUNDLE_IDENTIFIER = com.dkc.SingleProgrammaticViewApplication;
				PRODUCT_NAME = "$(TARGET_NAME)";
			};
			name = Release;
		};
		7997AD6931853C1374D9E15C /* Debug */ = {
			isa = XCBuildConfiguration;
			buildSettings = {
				ALWAYS_SEARCH_USER_PATHS = NO;
				CLANG_CXX_LANGUAGE_STANDARD = "gnu++0x";
				CLANG_CXX_LIBRARY = "libc++";
				CLANG_ENABLE_MODULES = YES;
				CLANG_ENABLE_OBJC_ARC = YES;
				CLANG_WARN_BOOL_CONVERSION = YES;
				CLANG_WARN_CONSTANT_CONVERSION = YES;
				CLANG_WARN_DIRECT_OBJC_ISA_USAGE = YES_ERROR;
				CLANG_WARN_EMPTY_BODY = YES;
				CLANG_WARN_ENUM_CONVERSION = YES;
				CLANG_WARN_INT_CONVERSION = YES;
				CLANG_WARN_OBJC_ROOT_CLASS = YES_ERROR;
				CLANG_WARN_UNREACHABLE_CODE = YES;
				CLANG_WARN__DUPLICATE_METHOD_MATCH = YES;
				"CODE_SIGN_IDENTITY[sdk=iphoneos*]" = "iPhone Developer";
				COPY_PHASE_STRIP = NO;
				DEBUG_INFORMATION_FORMAT = dwarf;
				ENABLE_STRICT_OBJC_MSGSEND = YES;
				ENABLE_TESTABILITY = YES;
				GCC_C_LANGUAGE_STANDARD = gnu99;
				GCC_DYNAMIC_NO_PIC = NO;
				GCC_NO_COMMON_BLOCKS = YES;
				GCC_OPTIMIZATION_LEVEL = 0;
				GCC_PREPROCESSOR_DEFINITIONS = (
					"DEBUG=1",
					"$(inherited)",
				);
				GCC_WARN_64_TO_32_BIT_CONVERSION = YES;
				GCC_WARN_ABOUT_RETURN_TYPE = YES_ERROR;
				GCC_WARN_UNDECLARED_SELECTOR = YES;
				GCC_WARN_UNINITIALIZED_AUTOS = YES_AGGRESSIVE;
				GCC_WARN_UNUSED_FUNCTION = YES;
				GCC_WARN_UNUSED_VARIABLE = YES;
				IPHONEOS_DEPLOYMENT_TARGET = 9.2;
				MTL_ENABLE_DEBUG_INFO = YES;
				ONLY_ACTIVE_ARCH = YES;
				SDKROOT = iphoneos;
				TARGETED_DEVICE_FAMILY = "1,2";
			};
			name = Debug;
		};
/* End XCBuildConfiguration section */

/* Begin XCConfigurationList section */
		7997A14F8D4BA00716EA212E /* Build configuration list for PBXNativeTarget "SingleProgrammaticViewApplication" */ = {
			isa = XCConfigurationList;
			buildConfigurations = (
				7997A26BED0812AFD831A9C8 /* Debug */,
				7997AB6B68E0869832022A7B /* Release */,
			);
			defaultConfigurationIsVisible = 0;
		};
		7997AE10F2C99809E302695E /* Build configuration list for PBXProject "SingleProgrammaticViewApplication" */ = {
			isa = XCConfigurationList;
			buildConfigurations = (
				7997AD6931853C1374D9E15C /* Debug */,
				7997A8D79F8291DDC2DCDD17 /* Release */,
			);
			defaultConfigurationIsVisible = 0;
			defaultConfigurationName = Release;
		};
/* End XCConfigurationList section */
	};
	rootObject = 7997AD6230BD8ABB9885EFFB /* Project object */;
}
